
Microsoft Visual Studio Solution File, Format Version 12.00
# Visual Studio Version 17
VisualStudioVersion = 17.3.32811.315
MinimumVisualStudioVersion = 10.0.40219.1
Project("{FAE04EC0-301F-11D3-BF4B-00C04F79EFBC}") = "Miehlbradt-DogWalker", "Miehlbradt-DogWalker\Miehlbradt-DogWalker.csproj", "{B9EEA6BB-D21A-4E67-BF16-A360ACC81439}"
EndProject
Global
	GlobalSection(SolutionConfigurationPlatforms) = preSolution
		Debug|Any CPU = Debug|Any CPU
		Release|Any CPU = Release|Any CPU
	EndGlobalSection
	GlobalSection(ProjectConfigurationPlatforms) = postSolution
		{B9EEA6BB-D21A-4E67-BF16-A360ACC81439}.Debug|Any CPU.ActiveCfg = Debug|Any CPU
		{B9EEA6BB-D21A-4E67-BF16-A360ACC81439}.Debug|Any CPU.Build.0 = Debug|Any CPU
		{B9EEA6BB-D21A-4E67-BF16-A360ACC81439}.Release|Any CPU.ActiveCfg = Release|Any CPU
		{B9EEA6BB-D21A-4E67-BF16-A360ACC81439}.Release|Any CPU.Build.0 = Release|Any CPU
	EndGlobalSection
	GlobalSection(SolutionProperties) = preSolution
		HideSolutionNode = FALSE
	EndGlobalSection
	GlobalSection(ExtensibilityGlobals) = postSolution
		SolutionGuid = {3CE035A8-D03F-4966-8E42-5096D5A93D71}
	EndGlobalSection
EndGlobal
